PODS:
  - Auth0 (2.3.1):
    - JWTDecode (~> 3.0)
    - SimpleKeychain (~> 1.0)
  - auth0_flutter (1.0.2):
    - Auth0 (~> 2.3)
    - Flutter
  - Flutter (1.0.0)
  - JWTDecode (3.0.0)
  - SimpleKeychain (1.0.0)

DEPENDENCIES:
  - auth0_flutter (from `.symlinks/plugins/auth0_flutter/ios`)
  - Flutter (from `Flutter`)

SPEC REPOS:
  trunk:
    - Auth0
    - JWTDecode
    - SimpleKeychain

EXTERNAL SOURCES:
  auth0_flutter:
    :path: ".symlinks/plugins/auth0_flutter/ios"
  Flutter:
    :path: Flutter

SPEC CHECKSUMS:
  Auth0: 910a23b611b7f1c2978fca3ac7579898f8524b0d
  auth0_flutter: 7ce66d04cd9e9b29291f436dfec65992595156c4
  Flutter: f04841e97a9d0b0a8025694d0796dd46242b2854
  JWTDecode: 82480a7173f8a811954e7e14a2b59f688ca4222a
  SimpleKeychain: c38b9202b7917a8599b02c4d6c62e0153f0c3def

PODFILE CHECKSUM: ef19549a9bc3046e7bb7d2fab4d021637c0c58a3

COCOAPODS: 1.11.3
